// !$*UTF8*$!
{
	archiveVersion = 1;
	classes = {
	};
	objectVersion = 56;
	objects = {

/* Begin PBXBuildFile section */
		9CFF1BAE29BC114500E47035 /* AppDelegate.swift in Sources */ = {isa = PBXBuildFile; fileRef = 9CFF1BAD29BC114500E47035 /* AppDelegate.swift */; };
		9CFF1BB029BC114500E47035 /* SceneDelegate.swift in Sources */ = {isa = PBXBuildFile; fileRef = 9CFF1BAF29BC114500E47035 /* SceneDelegate.swift */; };
		9CFF1BB229BC114500E47035 /* ViewController.swift in Sources */ = {isa = PBXBuildFile; fileRef = 9CFF1BB129BC114500E47035 /* ViewController.swift */; };
		9CFF1BB529BC114500E47035 /* Main.storyboard in Resources */ = {isa = PBXBuildFile; fileRef = 9CFF1BB329BC114500E47035 /* Main.storyboard */; };
		9CFF1BB729BC114600E47035 /* Assets.xcassets in Resources */ = {isa = PBXBuildFile; fileRef = 9CFF1BB629BC114600E47035 /* Assets.xcassets */; };
		9CFF1BBA29BC114600E47035 /* LaunchScreen.storyboard in Resources */ = {isa = PBXBuildFile; fileRef = 9CFF1BB829BC114600E47035 /* LaunchScreen.storyboard */; };
		9CFF1BC529BC114600E47035 /* DemoQRScanTests.swift in Sources */ = {isa = PBXBuildFile; fileRef = 9CFF1BC429BC114600E47035 /* DemoQRScanTests.swift */; };
		9CFF1BCF29BC114600E47035 /* DemoQRScanUITests.swift in Sources */ = {isa = PBXBuildFile; fileRef = 9CFF1BCE29BC114600E47035 /* DemoQRScanUITests.swift */; };
		9CFF1BD129BC114600E47035 /* DemoQRScanUITestsLaunchTests.swift in Sources */ = {isa = PBXBuildFile; fileRef = 9CFF1BD029BC114600E47035 /* DemoQRScanUITestsLaunchTests.swift */; };
		9CFF1BE629BC52D600E47035 /* QRScanViewController.swift in Sources */ = {isa = PBXBuildFile; fileRef = 9CFF1BE529BC52D600E47035 /* QRScanViewController.swift */; };
/* End PBXBuildFile section */

/* Begin PBXContainerItemProxy section */
		9CFF1BC129BC114600E47035 /* PBXContainerItemProxy */ = {
			isa = PBXContainerItemProxy;
			containerPortal = 9CFF1BA229BC114500E47035 /* Project object */;
			proxyType = 1;
			remoteGlobalIDString = 9CFF1BA929BC114500E47035;
			remoteInfo = DemoQRScan;
		};
		9CFF1BCB29BC114600E47035 /* PBXContainerItemProxy */ = {
			isa = PBXContainerItemProxy;
			containerPortal = 9CFF1BA229BC114500E47035 /* Project object */;
			proxyType = 1;
			remoteGlobalIDString = 9CFF1BA929BC114500E47035;
			remoteInfo = DemoQRScan;
		};
/* End PBXContainerItemProxy section */

/* Begin PBXFileReference section */
		9CFF1BAA29BC114500E47035 /* DemoQRScan.app */ = {isa = PBXFileReference; explicitFileType = wrapper.application; includeInIndex = 0; path = DemoQRScan.app; sourceTree = BUILT_PRODUCTS_DIR; };
		9CFF1BAD29BC114500E47035 /* AppDelegate.swift */ = {isa = PBXFileReference; lastKnownFileType = sourcecode.swift; path = AppDelegate.swift; sourceTree = "<group>"; };
		9CFF1BAF29BC114500E47035 /* SceneDelegate.swift */ = {isa = PBXFileReference; lastKnownFileType = sourcecode.swift; path = SceneDelegate.swift; sourceTree = "<group>"; };
		9CFF1BB129BC114500E47035 /* ViewController.swift */ = {isa = PBXFileReference; lastKnownFileType = sourcecode.swift; path = ViewController.swift; sourceTree = "<group>"; };
		9CFF1BB429BC114500E47035 /* Base */ = {isa = PBXFileReference; lastKnownFileType = file.storyboard; name = Base; path = Base.lproj/Main.storyboard; sourceTree = "<group>"; };
		9CFF1BB629BC114600E47035 /* Assets.xcassets */ = {isa = PBXFileReference; lastKnownFileType = folder.assetcatalog; path = Assets.xcassets; sourceTree = "<group>"; };
		9CFF1BB929BC114600E47035 /* Base */ = {isa = PBXFileReference; lastKnownFileType = file.storyboard; name = Base; path = Base.lproj/LaunchScreen.storyboard; sourceTree = "<group>"; };
		9CFF1BBB29BC114600E47035 /* Info.plist */ = {isa = PBXFileReference; lastKnownFileType = text.plist.xml; path = Info.plist; sourceTree = "<group>"; };
		9CFF1BC029BC114600E47035 /* DemoQRScanTests.xctest */ = {isa = PBXFileReference; explicitFileType = wrapper.cfbundle; includeInIndex = 0; path = DemoQRScanTests.xctest; sourceTree = BUILT_PRODUCTS_DIR; };
		9CFF1BC429BC114600E47035 /* DemoQRScanTests.swift */ = {isa = PBXFileReference; lastKnownFileType = sourcecode.swift; path = DemoQRScanTests.swift; sourceTree = "<group>"; };
		9CFF1BCA29BC114600E47035 /* DemoQRScanUITests.xctest */ = {isa = PBXFileReference; explicitFileType = wrapper.cfbundle; includeInIndex = 0; path = DemoQRScanUITests.xctest; sourceTree = BUILT_PRODUCTS_DIR; };
		9CFF1BCE29BC114600E47035 /* DemoQRScanUITests.swift */ = {isa = PBXFileReference; lastKnownFileType = sourcecode.swift; path = DemoQRScanUITests.swift; sourceTree = "<group>"; };
		9CFF1BD029BC114600E47035 /* DemoQRScanUITestsLaunchTests.swift */ = {isa = PBXFileReference; lastKnownFileType = sourcecode.swift; path = DemoQRScanUITestsLaunchTests.swift; sourceTree = "<group>"; };
		9CFF1BE529BC52D600E47035 /* QRScanViewController.swift */ = {isa = PBXFileReference; lastKnownFileType = sourcecode.swift; path = QRScanViewController.swift; sourceTree = "<group>"; };
/* End PBXFileReference section */

/* Begin PBXFrameworksBuildPhase section */
		9CFF1BA729BC114500E47035 /* Frameworks */ = {
			isa = PBXFrameworksBuildPhase;
			buildActionMask = 2147483647;
			files = (
			);
			runOnlyForDeploymentPostprocessing = 0;
		};
		9CFF1BBD29BC114600E47035 /* Frameworks */ = {
			isa = PBXFrameworksBuildPhase;
			buildActionMask = 2147483647;
			files = (
			);
			runOnlyForDeploymentPostprocessing = 0;
		};
		9CFF1BC729BC114600E47035 /* Frameworks */ = {
			isa = PBXFrameworksBuildPhase;
			buildActionMask = 2147483647;
			files = (
			);
			runOnlyForDeploymentPostprocessing = 0;
		};
/* End PBXFrameworksBuildPhase section */

/* Begin PBXGroup section */
		9CFF1BA129BC114500E47035 = {
			isa = PBXGroup;
			children = (
				9CFF1BAC29BC114500E47035 /* DemoQRScan */,
				9CFF1BC329BC114600E47035 /* DemoQRScanTests */,
				9CFF1BCD29BC114600E47035 /* DemoQRScanUITests */,
				9CFF1BAB29BC114500E47035 /* Products */,
			);
			sourceTree = "<group>";
		};
		9CFF1BAB29BC114500E47035 /* Products */ = {
			isa = PBXGroup;
			children = (
				9CFF1BAA29BC114500E47035 /* DemoQRScan.app */,
				9CFF1BC029BC114600E47035 /* DemoQRScanTests.xctest */,
				9CFF1BCA29BC114600E47035 /* DemoQRScanUITests.xctest */,
			);
			name = Products;
			sourceTree = "<group>";
		};
		9CFF1BAC29BC114500E47035 /* DemoQRScan */ = {
			isa = PBXGroup;
			children = (
				9CFF1BAD29BC114500E47035 /* AppDelegate.swift */,
				9CFF1BAF29BC114500E47035 /* SceneDelegate.swift */,
				9CFF1BB129BC114500E47035 /* ViewController.swift */,
				9CFF1BB329BC114500E47035 /* Main.storyboard */,
				9CFF1BB629BC114600E47035 /* Assets.xcassets */,
				9CFF1BB829BC114600E47035 /* LaunchScreen.storyboard */,
				9CFF1BBB29BC114600E47035 /* Info.plist */,
				9CFF1BE529BC52D600E47035 /* QRScanViewController.swift */,
			);
			path = DemoQRScan;
			sourceTree = "<group>";
		};
		9CFF1BC329BC114600E47035 /* DemoQRScanTests */ = {
			isa = PBXGroup;
			children = (
				9CFF1BC429BC114600E47035 /* DemoQRScanTests.swift */,
			);
			path = DemoQRScanTests;
			sourceTree = "<group>";
		};
		9CFF1BCD29BC114600E47035 /* DemoQRScanUITests */ = {
			isa = PBXGroup;
			children = (
				9CFF1BCE29BC114600E47035 /* DemoQRScanUITests.swift */,
				9CFF1BD029BC114600E47035 /* DemoQRScanUITestsLaunchTests.swift */,
			);
			path = DemoQRScanUITests;
			sourceTree = "<group>";
		};
/* End PBXGroup section */

/* Begin PBXNativeTarget section */
		9CFF1BA929BC114500E47035 /* DemoQRScan */ = {
			isa = PBXNativeTarget;
			buildConfigurationList = 9CFF1BD429BC114600E47035 /* Build configuration list for PBXNativeTarget "DemoQRScan" */;
			buildPhases = (
				9CFF1BA629BC114500E47035 /* Sources */,
				9CFF1BA729BC114500E47035 /* Frameworks */,
				9CFF1BA829BC114500E47035 /* Resources */,
			);
			buildRules = (
			);
			dependencies = (
			);
			name = DemoQRScan;
			productName = DemoQRScan;
			productReference = 9CFF1BAA29BC114500E47035 /* DemoQRScan.app */;
			productType = "com.apple.product-type.application";
		};
		9CFF1BBF29BC114600E47035 /* DemoQRScanTests */ = {
			isa = PBXNativeTarget;
			buildConfigurationList = 9CFF1BD729BC114600E47035 /* Build configuration list for PBXNativeTarget "DemoQRScanTests" */;
			buildPhases = (
				9CFF1BBC29BC114600E47035 /* Sources */,
				9CFF1BBD29BC114600E47035 /* Frameworks */,
				9CFF1BBE29BC114600E47035 /* Resources */,
			);
			buildRules = (
			);
			dependencies = (
				9CFF1BC229BC114600E47035 /* PBXTargetDependency */,
			);
			name = DemoQRScanTests;
			productName = DemoQRScanTests;
			productReference = 9CFF1BC029BC114600E47035 /* DemoQRScanTests.xctest */;
			productType = "com.apple.product-type.bundle.unit-test";
		};
		9CFF1BC929BC114600E47035 /* DemoQRScanUITests */ = {
			isa = PBXNativeTarget;
			buildConfigurationList = 9CFF1BDA29BC114600E47035 /* Build configuration list for PBXNativeTarget "DemoQRScanUITests" */;
			buildPhases = (
				9CFF1BC629BC114600E47035 /* Sources */,
				9CFF1BC729BC114600E47035 /* Frameworks */,
				9CFF1BC829BC114600E47035 /* Resources */,
			);
			buildRules = (
			);
			dependencies = (
				9CFF1BCC29BC114600E47035 /* PBXTargetDependency */,
			);
			name = DemoQRScanUITests;
			productName = DemoQRScanUITests;
			productReference = 9CFF1BCA29BC114600E47035 /* DemoQRScanUITests.xctest */;
			productType = "com.apple.product-type.bundle.ui-testing";
		};
/* End PBXNativeTarget section */

/* Begin PBXProject section */
		9CFF1BA229BC114500E47035 /* Project object */ = {
			isa = PBXProject;
			attributes = {
				BuildIndependentTargetsInParallel = 1;
				LastSwiftUpdateCheck = 1420;
				LastUpgradeCheck = 1420;
				TargetAttributes = {
					9CFF1BA929BC114500E47035 = {
						CreatedOnToolsVersion = 14.2;
					};
					9CFF1BBF29BC114600E47035 = {
						CreatedOnToolsVersion = 14.2;
						TestTargetID = 9CFF1BA929BC114500E47035;
					};
					9CFF1BC929BC114600E47035 = {
						CreatedOnToolsVersion = 14.2;
						TestTargetID = 9CFF1BA929BC114500E47035;
					};
				};
			};
			buildConfigurationList = 9CFF1BA529BC114500E47035 /* Build configuration list for PBXProject "DemoQRScan" */;
			compatibilityVersion = "Xcode 14.0";
			developmentRegion = en;
			hasScannedForEncodings = 0;
			knownRegions = (
				en,
				Base,
			);
			mainGroup = 9CFF1BA129BC114500E47035;
			productRefGroup = 9CFF1BAB29BC114500E47035 /* Products */;
			projectDirPath = "";
			projectRoot = "";
			targets = (
				9CFF1BA929BC114500E47035 /* DemoQRScan */,
				9CFF1BBF29BC114600E47035 /* DemoQRScanTests */,
				9CFF1BC929BC114600E47035 /* DemoQRScanUITests */,
			);
		};
/* End PBXProject section */

/* Begin PBXResourcesBuildPhase section */
		9CFF1BA829BC114500E47035 /* Resources */ = {
			isa = PBXResourcesBuildPhase;
			buildActionMask = 2147483647;
			files = (
				9CFF1BBA29BC114600E47035 /* LaunchScreen.storyboard in Resources */,
				9CFF1BB729BC114600E47035 /* Assets.xcassets in Resources */,
				9CFF1BB529BC114500E47035 /* Main.storyboard in Resources */,
			);
			runOnlyForDeploymentPostprocessing = 0;
		};
		9CFF1BBE29BC114600E47035 /* Resources */ = {
			isa = PBXResourcesBuildPhase;
			buildActionMask = 2147483647;
			files = (
			);
			runOnlyForDeploymentPostprocessing = 0;
		};
		9CFF1BC829BC114600E47035 /* Resources */ = {
			isa = PBXResourcesBuildPhase;
			buildActionMask = 2147483647;
			files = (
			);
			runOnlyForDeploymentPostprocessing = 0;
		};
/* End PBXResourcesBuildPhase section */

/* Begin PBXSourcesBuildPhase section */
		9CFF1BA629BC114500E47035 /* Sources */ = {
			isa = PBXSourcesBuildPhase;
			buildActionMask = 2147483647;
			files = (
				9CFF1BE629BC52D600E47035 /* QRScanViewController.swift in Sources */,
				9CFF1BB229BC114500E47035 /* ViewController.swift in Sources */,
				9CFF1BAE29BC114500E47035 /* AppDelegate.swift in Sources */,
				9CFF1BB029BC114500E47035 /* SceneDelegate.swift in Sources */,
			);
			runOnlyForDeploymentPostprocessing = 0;
		};
		9CFF1BBC29BC114600E47035 /* Sources */ = {
			isa = PBXSourcesBuildPhase;
			buildActionMask = 2147483647;
			files = (
				9CFF1BC529BC114600E47035 /* DemoQRScanTests.swift in Sources */,
			);
			runOnlyForDeploymentPostprocessing = 0;
		};
		9CFF1BC629BC114600E47035 /* Sources */ = {
			isa = PBXSourcesBuildPhase;
			buildActionMask = 2147483647;
			files = (
				9CFF1BCF29BC114600E47035 /* DemoQRScanUITests.swift in Sources */,
				9CFF1BD129BC114600E47035 /* DemoQRScanUITestsLaunchTests.swift in Sources */,
			);
			runOnlyForDeploymentPostprocessing = 0;
		};
/* End PBXSourcesBuildPhase section */

/* Begin PBXTargetDependency section */
		9CFF1BC229BC114600E47035 /* PBXTargetDependency */ = {
			isa = PBXTargetDependency;
			target = 9CFF1BA929BC114500E47035 /* DemoQRScan */;
			targetProxy = 9CFF1BC129BC114600E47035 /* PBXContainerItemProxy */;
		};
		9CFF1BCC29BC114600E47035 /* PBXTargetDependency */ = {
			isa = PBXTargetDependency;
			target = 9CFF1BA929BC114500E47035 /* DemoQRScan */;
			targetProxy = 9CFF1BCB29BC114600E47035 /* PBXContainerItemProxy */;
		};
/* End PBXTargetDependency section */

/* Begin PBXVariantGroup section */
		9CFF1BB329BC114500E47035 /* Main.storyboard */ = {
			isa = PBXVariantGroup;
			children = (
				9CFF1BB429BC114500E47035 /* Base */,
			);
			name = Main.storyboard;
			sourceTree = "<group>";
		};
		9CFF1BB829BC114600E47035 /* LaunchScreen.storyboard */ = {
			isa = PBXVariantGroup;
			children = (
				9CFF1BB929BC114600E47035 /* Base */,
			);
			name = LaunchScreen.storyboard;
			sourceTree = "<group>";
		};
/* End PBXVariantGroup section */

/* Begin XCBuildConfiguration section */
		9CFF1BD229BC114600E47035 /* Debug */ = {
			isa = XCBuildConfiguration;
			buildSettings = {
				ALWAYS_SEARCH_USER_PATHS = NO;
				CLANG_ANALYZER_NONNULL = YES;
				CLANG_ANALYZER_NUMBER_OBJECT_CONVERSION = YES_AGGRESSIVE;
				CLANG_CXX_LANGUAGE_STANDARD = "gnu++20";
				CLANG_ENABLE_MODULES = YES;
				CLANG_ENABLE_OBJC_ARC = YES;
				CLANG_ENABLE_OBJC_WEAK = YES;
				CLANG_WARN_BLOCK_CAPTURE_AUTORELEASING = YES;
				CLANG_WARN_BOOL_CONVERSION = YES;
				CLANG_WARN_COMMA = YES;
				CLANG_WARN_CONSTANT_CONVERSION = YES;
				CLANG_WARN_DEPRECATED_OBJC_IMPLEMENTATIONS = YES;
				CLANG_WARN_DIRECT_OBJC_ISA_USAGE = YES_ERROR;
				CLANG_WARN_DOCUMENTATION_COMMENTS = YES;
				CLANG_WARN_EMPTY_BODY = YES;
				CLANG_WARN_ENUM_CONVERSION = YES;
				CLANG_WARN_INFINITE_RECURSION = YES;
				CLANG_WARN_INT_CONVERSION = YES;
				CLANG_WARN_NON_LITERAL_NULL_CONVERSION = YES;
				CLANG_WARN_OBJC_IMPLICIT_RETAIN_SELF = YES;
				CLANG_WARN_OBJC_LITERAL_CONVERSION = YES;
				CLANG_WARN_OBJC_ROOT_CLASS = YES_ERROR;
				CLANG_WARN_QUOTED_INCLUDE_IN_FRAMEWORK_HEADER = YES;
				CLANG_WARN_RANGE_LOOP_ANALYSIS = YES;
				CLANG_WARN_STRICT_PROTOTYPES = YES;
				CLANG_WARN_SUSPICIOUS_MOVE = YES;
				CLANG_WARN_UNGUARDED_AVAILABILITY = YES_AGGRESSIVE;
				CLANG_WARN_UNREACHABLE_CODE = YES;
				CLANG_WARN__DUPLICATE_METHOD_MATCH = YES;
				COPY_PHASE_STRIP = NO;
				DEBUG_INFORMATION_FORMAT = dwarf;
				ENABLE_STRICT_OBJC_MSGSEND = YES;
				ENABLE_TESTABILITY = YES;
				GCC_C_LANGUAGE_STANDARD = gnu11;
				GCC_DYNAMIC_NO_PIC = NO;
				GCC_NO_COMMON_BLOCKS = YES;
				GCC_OPTIMIZATION_LEVEL = 0;
				GCC_PREPROCESSOR_DEFINITIONS = (
					"DEBUG=1",
					"$(inherited)",
				);
				GCC_WARN_64_TO_32_BIT_CONVERSION = YES;
				GCC_WARN_ABOUT_RETURN_TYPE = YES_ERROR;
				GCC_WARN_UNDECLARED_SELECTOR = YES;
				GCC_WARN_UNINITIALIZED_AUTOS = YES_AGGRESSIVE;
				GCC_WARN_UNUSED_FUNCTION = YES;
				GCC_WARN_UNUSED_VARIABLE = YES;
				IPHONEOS_DEPLOYMENT_TARGET = 16.2;
				MTL_ENABLE_DEBUG_INFO = INCLUDE_SOURCE;
				MTL_FAST_MATH = YES;
				ONLY_ACTIVE_ARCH = YES;
				SDKROOT = iphoneos;
				SWIFT_ACTIVE_COMPILATION_CONDITIONS = DEBUG;
				SWIFT_OPTIMIZATION_LEVEL = "-Onone";
			};
			name = Debug;
		};
		9CFF1BD329BC114600E47035 /* Release */ = {
			isa = XCBuildConfiguration;
			buildSettings = {
				ALWAYS_SEARCH_USER_PATHS = NO;
				CLANG_ANALYZER_NONNULL = YES;
				CLANG_ANALYZER_NUMBER_OBJECT_CONVERSION = YES_AGGRESSIVE;
				CLANG_CXX_LANGUAGE_STANDARD = "gnu++20";
				CLANG_ENABLE_MODULES = YES;
				CLANG_ENABLE_OBJC_ARC = YES;
				CLANG_ENABLE_OBJC_WEAK = YES;
				CLANG_WARN_BLOCK_CAPTURE_AUTORELEASING = YES;
				CLANG_WARN_BOOL_CONVERSION = YES;
				CLANG_WARN_COMMA = YES;
				CLANG_WARN_CONSTANT_CONVERSION = YES;
				CLANG_WARN_DEPRECATED_OBJC_IMPLEMENTATIONS = YES;
				CLANG_WARN_DIRECT_OBJC_ISA_USAGE = YES_ERROR;
				CLANG_WARN_DOCUMENTATION_COMMENTS = YES;
				CLANG_WARN_EMPTY_BODY = YES;
				CLANG_WARN_ENUM_CONVERSION = YES;
				CLANG_WARN_INFINITE_RECURSION = YES;
				CLANG_WARN_INT_CONVERSION = YES;
				CLANG_WARN_NON_LITERAL_NULL_CONVERSION = YES;
				CLANG_WARN_OBJC_IMPLICIT_RETAIN_SELF = YES;
				CLANG_WARN_OBJC_LITERAL_CONVERSION = YES;
				CLANG_WARN_OBJC_ROOT_CLASS = YES_ERROR;
				CLANG_WARN_QUOTED_INCLUDE_IN_FRAMEWORK_HEADER = YES;
				CLANG_WARN_RANGE_LOOP_ANALYSIS = YES;
				CLANG_WARN_STRICT_PROTOTYPES = YES;
				CLANG_WARN_SUSPICIOUS_MOVE = YES;
				CLANG_WARN_UNGUARDED_AVAILABILITY = YES_AGGRESSIVE;
				CLANG_WARN_UNREACHABLE_CODE = YES;
				CLANG_WARN__DUPLICATE_METHOD_MATCH = YES;
				COPY_PHASE_STRIP = NO;
				DEBUG_INFORMATION_FORMAT = "dwarf-with-dsym";
				ENABLE_NS_ASSERTIONS = NO;
				ENABLE_STRICT_OBJC_MSGSEND = YES;
				GCC_C_LANGUAGE_STANDARD = gnu11;
				GCC_NO_COMMON_BLOCKS = YES;
				GCC_WARN_64_TO_32_BIT_CONVERSION = YES;
				GCC_WARN_ABOUT_RETURN_TYPE = YES_ERROR;
				GCC_WARN_UNDECLARED_SELECTOR = YES;
				GCC_WARN_UNINITIALIZED_AUTOS = YES_AGGRESSIVE;
				GCC_WARN_UNUSED_FUNCTION = YES;
				GCC_WARN_UNUSED_VARIABLE = YES;
				IPHONEOS_DEPLOYMENT_TARGET = 16.2;
				MTL_ENABLE_DEBUG_INFO = NO;
				MTL_FAST_MATH = YES;
				SDKROOT = iphoneos;
				SWIFT_COMPILATION_MODE = wholemodule;
				SWIFT_OPTIMIZATION_LEVEL = "-O";
				VALIDATE_PRODUCT = YES;
			};
			name = Release;
		};
		9CFF1BD529BC114600E47035 /* Debug */ = {
			isa = XCBuildConfiguration;
			buildSettings = {
				ASSETCATALOG_COMPILER_APPICON_NAME = AppIcon;
				ASSETCATALOG_COMPILER_GLOBAL_ACCENT_COLOR_NAME = AccentColor;
				CODE_SIGN_STYLE = Automatic;
				CURRENT_PROJECT_VERSION = 1;
				DEVELOPMENT_TEAM = VKVWD7RPSD;
				GENERATE_INFOPLIST_FILE = YES;
				INFOPLIST_FILE = DemoQRScan/Info.plist;
				INFOPLIST_KEY_UIApplicationSupportsIndirectInputEvents = YES;
				INFOPLIST_KEY_UILaunchStoryboardName = LaunchScreen;
				INFOPLIST_KEY_UIMainStoryboardFile = Main;
				INFOPLIST_KEY_UISupportedInterfaceOrientations = UIInterfaceOrientationPortrait;
				INFOPLIST_KEY_UISupportedInterfaceOrientations_iPad = "UIInterfaceOrientationLandscapeLeft UIInterfaceOrientationLandscapeRight UIInterfaceOrientationPortraitUpsideDown";
				IPHONEOS_DEPLOYMENT_TARGET = 13.0;
				LD_RUNPATH_SEARCH_PATHS = (
					"$(inherited)",
					"@executable_path/Frameworks",
				);
				MARKETING_VERSION = 1.0;
				PRODUCT_BUNDLE_IDENTIFIER = halome.com.presentvc.DemoQRScan;
				PRODUCT_NAME = "$(TARGET_NAME)";
				SWIFT_EMIT_LOC_STRINGS = YES;
				SWIFT_VERSION = 5.0;
				TARGETED_DEVICE_FAMILY = "1,2";
			};
			name = Debug;
		};
		9CFF1BD629BC114600E47035 /* Release */ = {
			isa = XCBuildConfiguration;
			buildSettings = {
				ASSETCATALOG_COMPILER_APPICON_NAME = AppIcon;
				ASSETCATALOG_COMPILER_GLOBAL_ACCENT_COLOR_NAME = AccentColor;
				CODE_SIGN_STYLE = Automatic;
				CURRENT_PROJECT_VERSION = 1;
				DEVELOPMENT_TEAM = VKVWD7RPSD;
				GENERATE_INFOPLIST_FILE = YES;
				INFOPLIST_FILE = DemoQRScan/Info.plist;
				INFOPLIST_KEY_UIApplicationSupportsIndirectInputEvents = YES;
				INFOPLIST_KEY_UILaunchStoryboardName = LaunchScreen;
				INFOPLIST_KEY_UIMainStoryboardFile = Main;
				INFOPLIST_KEY_UISupportedInterfaceOrientations = UIInterfaceOrientationPortrait;
				INFOPLIST_KEY_UISupportedInterfaceOrientations_iPad = "UIInterfaceOrientationLandscapeLeft UIInterfaceOrientationLandscapeRight UIInterfaceOrientationPortraitUpsideDown";
				IPHONEOS_DEPLOYMENT_TARGET = 13.0;
				LD_RUNPATH_SEARCH_PATHS = (
					"$(inherited)",
					"@executable_path/Frameworks",
				);
				MARKETING_VERSION = 1.0;
				PRODUCT_BUNDLE_IDENTIFIER = halome.com.presentvc.DemoQRScan;
				PRODUCT_NAME = "$(TARGET_NAME)";
				SWIFT_EMIT_LOC_STRINGS = YES;
				SWIFT_VERSION = 5.0;
				TARGETED_DEVICE_FAMILY = "1,2";
			};
			name = Release;
		};
		9CFF1BD829BC114600E47035 /* Debug */ = {
			isa = XCBuildConfiguration;
			buildSettings = {
				ALWAYS_EMBED_SWIFT_STANDARD_LIBRARIES = YES;
				BUNDLE_LOADER = "$(TEST_HOST)";
				CODE_SIGN_STYLE = Automatic;
				CURRENT_PROJECT_VERSION = 1;
				DEVELOPMENT_TEAM = VKVWD7RPSD;
				GENERATE_INFOPLIST_FILE = YES;
				IPHONEOS_DEPLOYMENT_TARGET = 13.0;
				MARKETING_VERSION = 1.0;
				PRODUCT_BUNDLE_IDENTIFIER = halome.com.presentvc.DemoQRScanTests;
				PRODUCT_NAME = "$(TARGET_NAME)";
				SWIFT_EMIT_LOC_STRINGS = NO;
				SWIFT_VERSION = 5.0;
				TARGETED_DEVICE_FAMILY = "1,2";
				TEST_HOST = "$(BUILT_PRODUCTS_DIR)/DemoQRScan.app/$(BUNDLE_EXECUTABLE_FOLDER_PATH)/DemoQRScan";
			};
			name = Debug;
		};
		9CFF1BD929BC114600E47035 /* Release */ = {
			isa = XCBuildConfiguration;
			buildSettings = {
				ALWAYS_EMBED_SWIFT_STANDARD_LIBRARIES = YES;
				BUNDLE_LOADER = "$(TEST_HOST)";
				CODE_SIGN_STYLE = Automatic;
				CURRENT_PROJECT_VERSION = 1;
				DEVELOPMENT_TEAM = VKVWD7RPSD;
				GENERATE_INFOPLIST_FILE = YES;
				IPHONEOS_DEPLOYMENT_TARGET = 13.0;
				MARKETING_VERSION = 1.0;
				PRODUCT_BUNDLE_IDENTIFIER = halome.com.presentvc.DemoQRScanTests;
				PRODUCT_NAME = "$(TARGET_NAME)";
				SWIFT_EMIT_LOC_STRINGS = NO;
				SWIFT_VERSION = 5.0;
				TARGETED_DEVICE_FAMILY = "1,2";
				TEST_HOST = "$(BUILT_PRODUCTS_DIR)/DemoQRScan.app/$(BUNDLE_EXECUTABLE_FOLDER_PATH)/DemoQRScan";
			};
			name = Release;
		};
		9CFF1BDB29BC114600E47035 /* Debug */ = {
			isa = XCBuildConfiguration;
			buildSettings = {
				ALWAYS_EMBED_SWIFT_STANDARD_LIBRARIES = YES;
				CODE_SIGN_STYLE = Automatic;
				CURRENT_PROJECT_VERSION = 1;
				DEVELOPMENT_TEAM = VKVWD7RPSD;
				GENERATE_INFOPLIST_FILE = YES;
				IPHONEOS_DEPLOYMENT_TARGET = 13.0;
				MARKETING_VERSION = 1.0;
				PRODUCT_BUNDLE_IDENTIFIER = halome.com.presentvc.DemoQRScanUITests;
				PRODUCT_NAME = "$(TARGET_NAME)";
				SWIFT_EMIT_LOC_STRINGS = NO;
				SWIFT_VERSION = 5.0;
				TARGETED_DEVICE_FAMILY = "1,2";
				TEST_TARGET_NAME = DemoQRScan;
			};
			name = Debug;
		};
		9CFF1BDC29BC114600E47035 /* Release */ = {
			isa = XCBuildConfiguration;
			buildSettings = {
				ALWAYS_EMBED_SWIFT_STANDARD_LIBRARIES = YES;
				CODE_SIGN_STYLE = Automatic;
				CURRENT_PROJECT_VERSION = 1;
				DEVELOPMENT_TEAM = VKVWD7RPSD;
				GENERATE_INFOPLIST_FILE = YES;
				IPHONEOS_DEPLOYMENT_TARGET = 13.0;
				MARKETING_VERSION = 1.0;
				PRODUCT_BUNDLE_IDENTIFIER = halome.com.presentvc.DemoQRScanUITests;
				PRODUCT_NAME = "$(TARGET_NAME)";
				SWIFT_EMIT_LOC_STRINGS = NO;
				SWIFT_VERSION = 5.0;
				TARGETED_DEVICE_FAMILY = "1,2";
				TEST_TARGET_NAME = DemoQRScan;
			};
			name = Release;
		};
/* End XCBuildConfiguration section */

/* Begin XCConfigurationList section */
		9CFF1BA529BC114500E47035 /* Build configuration list for PBXProject "DemoQRScan" */ = {
			isa = XCConfigurationList;
			buildConfigurations = (
				9CFF1BD229BC114600E47035 /* Debug */,
				9CFF1BD329BC114600E47035 /* Release */,
			);
			defaultConfigurationIsVisible = 0;
			defaultConfigurationName = Release;
		};
		9CFF1BD429BC114600E47035 /* Build configuration list for PBXNativeTarget "DemoQRScan" */ = {
			isa = XCConfigurationList;
			buildConfigurations = (
				9CFF1BD529BC114600E47035 /* Debug */,
				9CFF1BD629BC114600E47035 /* Release */,
			);
			defaultConfigurationIsVisible = 0;
			defaultConfigurationName = Release;
		};
		9CFF1BD729BC114600E47035 /* Build configuration list for PBXNativeTarget "DemoQRScanTests" */ = {
			isa = XCConfigurationList;
			buildConfigurations = (
				9CFF1BD829BC114600E47035 /* Debug */,
				9CFF1BD929BC114600E47035 /* Release */,
			);
			defaultConfigurationIsVisible = 0;
			defaultConfigurationName = Release;
		};
		9CFF1BDA29BC114600E47035 /* Build configuration list for PBXNativeTarget "DemoQRScanUITests" */ = {
			isa = XCConfigurationList;
			buildConfigurations = (
				9CFF1BDB29BC114600E47035 /* Debug */,
				9CFF1BDC29BC114600E47035 /* Release */,
			);
			defaultConfigurationIsVisible = 0;
			defaultConfigurationName = Release;
		};
/* End XCConfigurationList section */
	};
	rootObject = 9CFF1BA229BC114500E47035 /* Project object */;
}
